// !$*UTF8*$!
{
	archiveVersion = 1;
	classes = {
	};
	objectVersion = 56;
	objects = {

/* Begin PBXBuildFile section */
		E334A4BB2C1A50CD0063CC2C /* countries.json in Resources */ = {isa = PBXBuildFile; fileRef = E334A4BA2C1A50CD0063CC2C /* countries.json */; };
		E334A4BF2C1A51BB0063CC2C /* DefaultViewSize.swift in Sources */ = {isa = PBXBuildFile; fileRef = E334A4BE2C1A51BB0063CC2C /* DefaultViewSize.swift */; };
		E334A4C22C1A52230063CC2C /* GlobeMapView.swift in Sources */ = {isa = PBXBuildFile; fileRef = E334A4C12C1A52230063CC2C /* GlobeMapView.swift */; };
		E334A4C52C1A52D90063CC2C /* UserTravelProfileView.swift in Sources */ = {isa = PBXBuildFile; fileRef = E334A4C42C1A52D90063CC2C /* UserTravelProfileView.swift */; };
		E334A4C82C1A53830063CC2C /* CountryModel.swift in Sources */ = {isa = PBXBuildFile; fileRef = E334A4C72C1A53830063CC2C /* CountryModel.swift */; };
		E334A4CD2C1A54A90063CC2C /* SelectCountryView.swift in Sources */ = {isa = PBXBuildFile; fileRef = E334A4CC2C1A54A90063CC2C /* SelectCountryView.swift */; };
		E334A4CF2C1B0F590063CC2C /* CountryRow.swift in Sources */ = {isa = PBXBuildFile; fileRef = E334A4CE2C1B0F590063CC2C /* CountryRow.swift */; };
		E334A4D12C1B2C350063CC2C /* UserProfile.swift in Sources */ = {isa = PBXBuildFile; fileRef = E334A4D02C1B2C350063CC2C /* UserProfile.swift */; };
		E334A4D42C1B5E730063CC2C /* ProfileInfoCellView.swift in Sources */ = {isa = PBXBuildFile; fileRef = E334A4D32C1B5E730063CC2C /* ProfileInfoCellView.swift */; };
		E334A4D62C1B614D0063CC2C /* CountriesTableView.swift in Sources */ = {isa = PBXBuildFile; fileRef = E334A4D52C1B614D0063CC2C /* CountriesTableView.swift */; };
		E334A4D82C1B8D490063CC2C /* UserCountriesInfoView.swift in Sources */ = {isa = PBXBuildFile; fileRef = E334A4D72C1B8D490063CC2C /* UserCountriesInfoView.swift */; };
		E334A4DA2C1B9B3D0063CC2C /* LoadCountriesModel.swift in Sources */ = {isa = PBXBuildFile; fileRef = E334A4D92C1B9B3D0063CC2C /* LoadCountriesModel.swift */; };
		E39C190A2C1F5E1100A7202F /* CustomAnnotationView.swift in Sources */ = {isa = PBXBuildFile; fileRef = E39C19092C1F5E1100A7202F /* CustomAnnotationView.swift */; };
		E39C190D2C1F74B000A7202F /* CountriesTableViewType.swift in Sources */ = {isa = PBXBuildFile; fileRef = E39C190C2C1F74B000A7202F /* CountriesTableViewType.swift */; };
		E39C19102C1F7CD700A7202F /* Ext+View.swift in Sources */ = {isa = PBXBuildFile; fileRef = E39C190F2C1F7CD700A7202F /* Ext+View.swift */; };
		E39C19122C1F81E600A7202F /* ViewState.swift in Sources */ = {isa = PBXBuildFile; fileRef = E39C19112C1F81E600A7202F /* ViewState.swift */; };
		E39C19142C1F81F200A7202F /* SelectCountryViewType.swift in Sources */ = {isa = PBXBuildFile; fileRef = E39C19132C1F81F200A7202F /* SelectCountryViewType.swift */; };
		E39C19172C1F823500A7202F /* ProgressLoadView.swift in Sources */ = {isa = PBXBuildFile; fileRef = E39C19162C1F823500A7202F /* ProgressLoadView.swift */; };
		E39C19192C1F833800A7202F /* Coordinates.swift in Sources */ = {isa = PBXBuildFile; fileRef = E39C19182C1F833800A7202F /* Coordinates.swift */; };
		E39C191C2C1F836500A7202F /* UserDefault.swift in Sources */ = {isa = PBXBuildFile; fileRef = E39C191B2C1F836500A7202F /* UserDefault.swift */; };
		E3BBCD7F2C199EFB00153CB4 /* Fyno_TestProjApp.swift in Sources */ = {isa = PBXBuildFile; fileRef = E3BBCD7E2C199EFB00153CB4 /* Fyno_TestProjApp.swift */; };
		E3BBCD852C199EFC00153CB4 /* Assets.xcassets in Resources */ = {isa = PBXBuildFile; fileRef = E3BBCD842C199EFC00153CB4 /* Assets.xcassets */; };
		E3BBCD892C199EFC00153CB4 /* Preview Assets.xcassets in Resources */ = {isa = PBXBuildFile; fileRef = E3BBCD882C199EFC00153CB4 /* Preview Assets.xcassets */; };
/* End PBXBuildFile section */

/* Begin PBXFileReference section */
		E334A4BA2C1A50CD0063CC2C /* countries.json */ = {isa = PBXFileReference; lastKnownFileType = text.json; path = countries.json; sourceTree = "<group>"; };
		E334A4BE2C1A51BB0063CC2C /* DefaultViewSize.swift */ = {isa = PBXFileReference; lastKnownFileType = sourcecode.swift; path = DefaultViewSize.swift; sourceTree = "<group>"; };
		E334A4C12C1A52230063CC2C /* GlobeMapView.swift */ = {isa = PBXFileReference; lastKnownFileType = sourcecode.swift; path = GlobeMapView.swift; sourceTree = "<group>"; };
		E334A4C42C1A52D90063CC2C /* UserTravelProfileView.swift */ = {isa = PBXFileReference; lastKnownFileType = sourcecode.swift; path = UserTravelProfileView.swift; sourceTree = "<group>"; };
		E334A4C72C1A53830063CC2C /* CountryModel.swift */ = {isa = PBXFileReference; lastKnownFileType = sourcecode.swift; path = CountryModel.swift; sourceTree = "<group>"; };
		E334A4CC2C1A54A90063CC2C /* SelectCountryView.swift */ = {isa = PBXFileReference; lastKnownFileType = sourcecode.swift; path = SelectCountryView.swift; sourceTree = "<group>"; };
		E334A4CE2C1B0F590063CC2C /* CountryRow.swift */ = {isa = PBXFileReference; lastKnownFileType = sourcecode.swift; path = CountryRow.swift; sourceTree = "<group>"; };
		E334A4D02C1B2C350063CC2C /* UserProfile.swift */ = {isa = PBXFileReference; lastKnownFileType = sourcecode.swift; path = UserProfile.swift; sourceTree = "<group>"; };
		E334A4D32C1B5E730063CC2C /* ProfileInfoCellView.swift */ = {isa = PBXFileReference; lastKnownFileType = sourcecode.swift; path = ProfileInfoCellView.swift; sourceTree = "<group>"; };
		E334A4D52C1B614D0063CC2C /* CountriesTableView.swift */ = {isa = PBXFileReference; lastKnownFileType = sourcecode.swift; path = CountriesTableView.swift; sourceTree = "<group>"; };
		E334A4D72C1B8D490063CC2C /* UserCountriesInfoView.swift */ = {isa = PBXFileReference; lastKnownFileType = sourcecode.swift; path = UserCountriesInfoView.swift; sourceTree = "<group>"; };
		E334A4D92C1B9B3D0063CC2C /* LoadCountriesModel.swift */ = {isa = PBXFileReference; lastKnownFileType = sourcecode.swift; path = LoadCountriesModel.swift; sourceTree = "<group>"; };
		E39C19092C1F5E1100A7202F /* CustomAnnotationView.swift */ = {isa = PBXFileReference; lastKnownFileType = sourcecode.swift; path = CustomAnnotationView.swift; sourceTree = "<group>"; };
		E39C190C2C1F74B000A7202F /* CountriesTableViewType.swift */ = {isa = PBXFileReference; lastKnownFileType = sourcecode.swift; path = CountriesTableViewType.swift; sourceTree = "<group>"; };
		E39C190F2C1F7CD700A7202F /* Ext+View.swift */ = {isa = PBXFileReference; lastKnownFileType = sourcecode.swift; path = "Ext+View.swift"; sourceTree = "<group>"; };
		E39C19112C1F81E600A7202F /* ViewState.swift */ = {isa = PBXFileReference; lastKnownFileType = sourcecode.swift; path = ViewState.swift; sourceTree = "<group>"; };
		E39C19132C1F81F200A7202F /* SelectCountryViewType.swift */ = {isa = PBXFileReference; lastKnownFileType = sourcecode.swift; path = SelectCountryViewType.swift; sourceTree = "<group>"; };
		E39C19162C1F823500A7202F /* ProgressLoadView.swift */ = {isa = PBXFileReference; lastKnownFileType = sourcecode.swift; path = ProgressLoadView.swift; sourceTree = "<group>"; };
		E39C19182C1F833800A7202F /* Coordinates.swift */ = {isa = PBXFileReference; lastKnownFileType = sourcecode.swift; path = Coordinates.swift; sourceTree = "<group>"; };
		E39C191B2C1F836500A7202F /* UserDefault.swift */ = {isa = PBXFileReference; lastKnownFileType = sourcecode.swift; path = UserDefault.swift; sourceTree = "<group>"; };
		E3BBCD7B2C199EFB00153CB4 /* Fyno TestProj.app */ = {isa = PBXFileReference; explicitFileType = wrapper.application; includeInIndex = 0; path = "Fyno TestProj.app"; sourceTree = BUILT_PRODUCTS_DIR; };
		E3BBCD7E2C199EFB00153CB4 /* Fyno_TestProjApp.swift */ = {isa = PBXFileReference; lastKnownFileType = sourcecode.swift; path = Fyno_TestProjApp.swift; sourceTree = "<group>"; };
		E3BBCD842C199EFC00153CB4 /* Assets.xcassets */ = {isa = PBXFileReference; lastKnownFileType = folder.assetcatalog; path = Assets.xcassets; sourceTree = "<group>"; };
		E3BBCD862C199EFC00153CB4 /* Fyno_TestProj.entitlements */ = {isa = PBXFileReference; lastKnownFileType = text.plist.entitlements; path = Fyno_TestProj.entitlements; sourceTree = "<group>"; };
		E3BBCD882C199EFC00153CB4 /* Preview Assets.xcassets */ = {isa = PBXFileReference; lastKnownFileType = folder.assetcatalog; path = "Preview Assets.xcassets"; sourceTree = "<group>"; };
/* End PBXFileReference section */

/* Begin PBXFrameworksBuildPhase section */
		E3BBCD782C199EFB00153CB4 /* Frameworks */ = {
			isa = PBXFrameworksBuildPhase;
			buildActionMask = 2147483647;
			files = (
			);
			runOnlyForDeploymentPostprocessing = 0;
		};
/* End PBXFrameworksBuildPhase section */

/* Begin PBXGroup section */
		E334A4B92C1A4F8A0063CC2C /* Resources */ = {
			isa = PBXGroup;
			children = (
				E334A4BA2C1A50CD0063CC2C /* countries.json */,
				E334A4D92C1B9B3D0063CC2C /* LoadCountriesModel.swift */,
			);
			path = Resources;
			sourceTree = "<group>";
		};
		E334A4BC2C1A518F0063CC2C /* Common */ = {
			isa = PBXGroup;
			children = (
				E39C19152C1F822200A7202F /* UI_Elements */,
				E39C190E2C1F7CCE00A7202F /* Extensions */,
				E334A4C02C1A52170063CC2C /* Map */,
				E334A4BD2C1A51B20063CC2C /* Models */,
			);
			path = Common;
			sourceTree = "<group>";
		};
		E334A4BD2C1A51B20063CC2C /* Models */ = {
			isa = PBXGroup;
			children = (
				E39C191A2C1F835F00A7202F /* UserDefault */,
				E334A4BE2C1A51BB0063CC2C /* DefaultViewSize.swift */,
				E334A4D02C1B2C350063CC2C /* UserProfile.swift */,
				E39C19112C1F81E600A7202F /* ViewState.swift */,
			);
			path = Models;
			sourceTree = "<group>";
		};
		E334A4C02C1A52170063CC2C /* Map */ = {
			isa = PBXGroup;
			children = (
				E334A4C12C1A52230063CC2C /* GlobeMapView.swift */,
				E39C19092C1F5E1100A7202F /* CustomAnnotationView.swift */,
			);
			path = Map;
			sourceTree = "<group>";
		};
		E334A4C32C1A52C70063CC2C /* UserTravelProfile */ = {
			isa = PBXGroup;
			children = (
				E334A4C42C1A52D90063CC2C /* UserTravelProfileView.swift */,
				E334A4D22C1B5DF60063CC2C /* Views */,
				E334A4C92C1A54730063CC2C /* SelectCountry */,
				E334A4C62C1A537B0063CC2C /* Models */,
			);
			path = UserTravelProfile;
			sourceTree = "<group>";
		};
		E334A4C62C1A537B0063CC2C /* Models */ = {
			isa = PBXGroup;
			children = (
				E334A4C72C1A53830063CC2C /* CountryModel.swift */,
				E334A4CE2C1B0F590063CC2C /* CountryRow.swift */,
				E39C19182C1F833800A7202F /* Coordinates.swift */,
			);
			path = Models;
			sourceTree = "<group>";
		};
		E334A4C92C1A54730063CC2C /* SelectCountry */ = {
			isa = PBXGroup;
			children = (
				E334A4CC2C1A54A90063CC2C /* SelectCountryView.swift */,
				E39C19132C1F81F200A7202F /* SelectCountryViewType.swift */,
			);
			path = SelectCountry;
			sourceTree = "<group>";
		};
		E334A4D22C1B5DF60063CC2C /* Views */ = {
			isa = PBXGroup;
			children = (
				E39C190B2C1F74A800A7202F /* CountriesTable */,
				E334A4D32C1B5E730063CC2C /* ProfileInfoCellView.swift */,
				E334A4D72C1B8D490063CC2C /* UserCountriesInfoView.swift */,
			);
			path = Views;
			sourceTree = "<group>";
		};
		E39C190B2C1F74A800A7202F /* CountriesTable */ = {
			isa = PBXGroup;
			children = (
				E334A4D52C1B614D0063CC2C /* CountriesTableView.swift */,
				E39C190C2C1F74B000A7202F /* CountriesTableViewType.swift */,
			);
			path = CountriesTable;
			sourceTree = "<group>";
		};
		E39C190E2C1F7CCE00A7202F /* Extensions */ = {
			isa = PBXGroup;
			children = (
				E39C190F2C1F7CD700A7202F /* Ext+View.swift */,
			);
			path = Extensions;
			sourceTree = "<group>";
		};
		E39C19152C1F822200A7202F /* UI_Elements */ = {
			isa = PBXGroup;
			children = (
				E39C19162C1F823500A7202F /* ProgressLoadView.swift */,
			);
			path = UI_Elements;
			sourceTree = "<group>";
		};
		E39C191A2C1F835F00A7202F /* UserDefault */ = {
			isa = PBXGroup;
			children = (
				E39C191B2C1F836500A7202F /* UserDefault.swift */,
			);
			path = UserDefault;
			sourceTree = "<group>";
		};
		E3BBCD722C199EFB00153CB4 = {
			isa = PBXGroup;
			children = (
				E3BBCD7D2C199EFB00153CB4 /* Fyno TestProj */,
				E3BBCD7C2C199EFB00153CB4 /* Products */,
			);
			sourceTree = "<group>";
		};
		E3BBCD7C2C199EFB00153CB4 /* Products */ = {
			isa = PBXGroup;
			children = (
				E3BBCD7B2C199EFB00153CB4 /* Fyno TestProj.app */,
			);
			name = Products;
			sourceTree = "<group>";
		};
		E3BBCD7D2C199EFB00153CB4 /* Fyno TestProj */ = {
			isa = PBXGroup;
			children = (
				E3BBCD7E2C199EFB00153CB4 /* Fyno_TestProjApp.swift */,
				E334A4C32C1A52C70063CC2C /* UserTravelProfile */,
				E334A4B92C1A4F8A0063CC2C /* Resources */,
				E334A4BC2C1A518F0063CC2C /* Common */,
				E3BBCD842C199EFC00153CB4 /* Assets.xcassets */,
				E3BBCD862C199EFC00153CB4 /* Fyno_TestProj.entitlements */,
				E3BBCD872C199EFC00153CB4 /* Preview Content */,
			);
			path = "Fyno TestProj";
			sourceTree = "<group>";
		};
		E3BBCD872C199EFC00153CB4 /* Preview Content */ = {
			isa = PBXGroup;
			children = (
				E3BBCD882C199EFC00153CB4 /* Preview Assets.xcassets */,
			);
			path = "Preview Content";
			sourceTree = "<group>";
		};
/* End PBXGroup section */

/* Begin PBXNativeTarget section */
		E3BBCD7A2C199EFB00153CB4 /* Fyno TestProj */ = {
			isa = PBXNativeTarget;
			buildConfigurationList = E3BBCD8C2C199EFC00153CB4 /* Build configuration list for PBXNativeTarget "Fyno TestProj" */;
			buildPhases = (
				E3BBCD772C199EFB00153CB4 /* Sources */,
				E3BBCD782C199EFB00153CB4 /* Frameworks */,
				E3BBCD792C199EFB00153CB4 /* Resources */,
			);
			buildRules = (
			);
			dependencies = (
			);
			name = "Fyno TestProj";
			productName = "Fyno TestProj";
			productReference = E3BBCD7B2C199EFB00153CB4 /* Fyno TestProj.app */;
			productType = "com.apple.product-type.application";
		};
/* End PBXNativeTarget section */

/* Begin PBXProject section */
		E3BBCD732C199EFB00153CB4 /* Project object */ = {
			isa = PBXProject;
			attributes = {
				BuildIndependentTargetsInParallel = 1;
				LastSwiftUpdateCheck = 1540;
				LastUpgradeCheck = 1540;
				TargetAttributes = {
					E3BBCD7A2C199EFB00153CB4 = {
						CreatedOnToolsVersion = 15.4;
					};
				};
			};
			buildConfigurationList = E3BBCD762C199EFB00153CB4 /* Build configuration list for PBXProject "Fyno TestProj" */;
			compatibilityVersion = "Xcode 14.0";
			developmentRegion = en;
			hasScannedForEncodings = 0;
			knownRegions = (
				en,
				Base,
			);
			mainGroup = E3BBCD722C199EFB00153CB4;
			productRefGroup = E3BBCD7C2C199EFB00153CB4 /* Products */;
			projectDirPath = "";
			projectRoot = "";
			targets = (
				E3BBCD7A2C199EFB00153CB4 /* Fyno TestProj */,
			);
		};
/* End PBXProject section */

/* Begin PBXResourcesBuildPhase section */
		E3BBCD792C199EFB00153CB4 /* Resources */ = {
			isa = PBXResourcesBuildPhase;
			buildActionMask = 2147483647;
			files = (
				E334A4BB2C1A50CD0063CC2C /* countries.json in Resources */,
				E3BBCD892C199EFC00153CB4 /* Preview Assets.xcassets in Resources */,
				E3BBCD852C199EFC00153CB4 /* Assets.xcassets in Resources */,
			);
			runOnlyForDeploymentPostprocessing = 0;
		};
/* End PBXResourcesBuildPhase section */

/* Begin PBXSourcesBuildPhase section */
		E3BBCD772C199EFB00153CB4 /* Sources */ = {
			isa = PBXSourcesBuildPhase;
			buildActionMask = 2147483647;
			files = (
				E334A4D82C1B8D490063CC2C /* UserCountriesInfoView.swift in Sources */,
				E39C190A2C1F5E1100A7202F /* CustomAnnotationView.swift in Sources */,
				E334A4C82C1A53830063CC2C /* CountryModel.swift in Sources */,
				E334A4CF2C1B0F590063CC2C /* CountryRow.swift in Sources */,
				E334A4D12C1B2C350063CC2C /* UserProfile.swift in Sources */,
				E334A4DA2C1B9B3D0063CC2C /* LoadCountriesModel.swift in Sources */,
				E39C19122C1F81E600A7202F /* ViewState.swift in Sources */,
				E39C19172C1F823500A7202F /* ProgressLoadView.swift in Sources */,
				E334A4CD2C1A54A90063CC2C /* SelectCountryView.swift in Sources */,
				E39C19102C1F7CD700A7202F /* Ext+View.swift in Sources */,
				E334A4C22C1A52230063CC2C /* GlobeMapView.swift in Sources */,
				E39C19142C1F81F200A7202F /* SelectCountryViewType.swift in Sources */,
				E39C191C2C1F836500A7202F /* UserDefault.swift in Sources */,
				E39C190D2C1F74B000A7202F /* CountriesTableViewType.swift in Sources */,
				E39C19192C1F833800A7202F /* Coordinates.swift in Sources */,
				E334A4D62C1B614D0063CC2C /* CountriesTableView.swift in Sources */,
				E334A4D42C1B5E730063CC2C /* ProfileInfoCellView.swift in Sources */,
				E334A4C52C1A52D90063CC2C /* UserTravelProfileView.swift in Sources */,
				E3BBCD7F2C199EFB00153CB4 /* Fyno_TestProjApp.swift in Sources */,
				E334A4BF2C1A51BB0063CC2C /* DefaultViewSize.swift in Sources */,
			);
			runOnlyForDeploymentPostprocessing = 0;
		};
/* End PBXSourcesBuildPhase section */

/* Begin XCBuildConfiguration section */
		E3BBCD8A2C199EFC00153CB4 /* Debug */ = {
			isa = XCBuildConfiguration;
			buildSettings = {
				ALWAYS_SEARCH_USER_PATHS = NO;
				ASSETCATALOG_COMPILER_GENERATE_SWIFT_ASSET_SYMBOL_EXTENSIONS = YES;
				CLANG_ANALYZER_NONNULL = YES;
				CLANG_ANALYZER_NUMBER_OBJECT_CONVERSION = YES_AGGRESSIVE;
				CLANG_CXX_LANGUAGE_STANDARD = "gnu++20";
				CLANG_ENABLE_MODULES = YES;
				CLANG_ENABLE_OBJC_ARC = YES;
				CLANG_ENABLE_OBJC_WEAK = YES;
				CLANG_WARN_BLOCK_CAPTURE_AUTORELEASING = YES;
				CLANG_WARN_BOOL_CONVERSION = YES;
				CLANG_WARN_COMMA = YES;
				CLANG_WARN_CONSTANT_CONVERSION = YES;
				CLANG_WARN_DEPRECATED_OBJC_IMPLEMENTATIONS = YES;
				CLANG_WARN_DIRECT_OBJC_ISA_USAGE = YES_ERROR;
				CLANG_WARN_DOCUMENTATION_COMMENTS = YES;
				CLANG_WARN_EMPTY_BODY = YES;
				CLANG_WARN_ENUM_CONVERSION = YES;
				CLANG_WARN_INFINITE_RECURSION = YES;
				CLANG_WARN_INT_CONVERSION = YES;
				CLANG_WARN_NON_LITERAL_NULL_CONVERSION = YES;
				CLANG_WARN_OBJC_IMPLICIT_RETAIN_SELF = YES;
				CLANG_WARN_OBJC_LITERAL_CONVERSION = YES;
				CLANG_WARN_OBJC_ROOT_CLASS = YES_ERROR;
				CLANG_WARN_QUOTED_INCLUDE_IN_FRAMEWORK_HEADER = YES;
				CLANG_WARN_RANGE_LOOP_ANALYSIS = YES;
				CLANG_WARN_STRICT_PROTOTYPES = YES;
				CLANG_WARN_SUSPICIOUS_MOVE = YES;
				CLANG_WARN_UNGUARDED_AVAILABILITY = YES_AGGRESSIVE;
				CLANG_WARN_UNREACHABLE_CODE = YES;
				CLANG_WARN__DUPLICATE_METHOD_MATCH = YES;
				COPY_PHASE_STRIP = NO;
				DEBUG_INFORMATION_FORMAT = dwarf;
				ENABLE_STRICT_OBJC_MSGSEND = YES;
				ENABLE_TESTABILITY = YES;
				ENABLE_USER_SCRIPT_SANDBOXING = YES;
				GCC_C_LANGUAGE_STANDARD = gnu17;
				GCC_DYNAMIC_NO_PIC = NO;
				GCC_NO_COMMON_BLOCKS = YES;
				GCC_OPTIMIZATION_LEVEL = 0;
				GCC_PREPROCESSOR_DEFINITIONS = (
					"DEBUG=1",
					"$(inherited)",
				);
				GCC_WARN_64_TO_32_BIT_CONVERSION = YES;
				GCC_WARN_ABOUT_RETURN_TYPE = YES_ERROR;
				GCC_WARN_UNDECLARED_SELECTOR = YES;
				GCC_WARN_UNINITIALIZED_AUTOS = YES_AGGRESSIVE;
				GCC_WARN_UNUSED_FUNCTION = YES;
				GCC_WARN_UNUSED_VARIABLE = YES;
				LOCALIZATION_PREFERS_STRING_CATALOGS = YES;
				MTL_ENABLE_DEBUG_INFO = INCLUDE_SOURCE;
				MTL_FAST_MATH = YES;
				ONLY_ACTIVE_ARCH = YES;
				SWIFT_ACTIVE_COMPILATION_CONDITIONS = "DEBUG $(inherited)";
				SWIFT_OPTIMIZATION_LEVEL = "-Onone";
			};
			name = Debug;
		};
		E3BBCD8B2C199EFC00153CB4 /* Release */ = {
			isa = XCBuildConfiguration;
			buildSettings = {
				ALWAYS_SEARCH_USER_PATHS = NO;
				ASSETCATALOG_COMPILER_GENERATE_SWIFT_ASSET_SYMBOL_EXTENSIONS = YES;
				CLANG_ANALYZER_NONNULL = YES;
				CLANG_ANALYZER_NUMBER_OBJECT_CONVERSION = YES_AGGRESSIVE;
				CLANG_CXX_LANGUAGE_STANDARD = "gnu++20";
				CLANG_ENABLE_MODULES = YES;
				CLANG_ENABLE_OBJC_ARC = YES;
				CLANG_ENABLE_OBJC_WEAK = YES;
				CLANG_WARN_BLOCK_CAPTURE_AUTORELEASING = YES;
				CLANG_WARN_BOOL_CONVERSION = YES;
				CLANG_WARN_COMMA = YES;
				CLANG_WARN_CONSTANT_CONVERSION = YES;
				CLANG_WARN_DEPRECATED_OBJC_IMPLEMENTATIONS = YES;
				CLANG_WARN_DIRECT_OBJC_ISA_USAGE = YES_ERROR;
				CLANG_WARN_DOCUMENTATION_COMMENTS = YES;
				CLANG_WARN_EMPTY_BODY = YES;
				CLANG_WARN_ENUM_CONVERSION = YES;
				CLANG_WARN_INFINITE_RECURSION = YES;
				CLANG_WARN_INT_CONVERSION = YES;
				CLANG_WARN_NON_LITERAL_NULL_CONVERSION = YES;
				CLANG_WARN_OBJC_IMPLICIT_RETAIN_SELF = YES;
				CLANG_WARN_OBJC_LITERAL_CONVERSION = YES;
				CLANG_WARN_OBJC_ROOT_CLASS = YES_ERROR;
				CLANG_WARN_QUOTED_INCLUDE_IN_FRAMEWORK_HEADER = YES;
				CLANG_WARN_RANGE_LOOP_ANALYSIS = YES;
				CLANG_WARN_STRICT_PROTOTYPES = YES;
				CLANG_WARN_SUSPICIOUS_MOVE = YES;
				CLANG_WARN_UNGUARDED_AVAILABILITY = YES_AGGRESSIVE;
				CLANG_WARN_UNREACHABLE_CODE = YES;
				CLANG_WARN__DUPLICATE_METHOD_MATCH = YES;
				COPY_PHASE_STRIP = NO;
				DEBUG_INFORMATION_FORMAT = "dwarf-with-dsym";
				ENABLE_NS_ASSERTIONS = NO;
				ENABLE_STRICT_OBJC_MSGSEND = YES;
				ENABLE_USER_SCRIPT_SANDBOXING = YES;
				GCC_C_LANGUAGE_STANDARD = gnu17;
				GCC_NO_COMMON_BLOCKS = YES;
				GCC_WARN_64_TO_32_BIT_CONVERSION = YES;
				GCC_WARN_ABOUT_RETURN_TYPE = YES_ERROR;
				GCC_WARN_UNDECLARED_SELECTOR = YES;
				GCC_WARN_UNINITIALIZED_AUTOS = YES_AGGRESSIVE;
				GCC_WARN_UNUSED_FUNCTION = YES;
				GCC_WARN_UNUSED_VARIABLE = YES;
				LOCALIZATION_PREFERS_STRING_CATALOGS = YES;
				MTL_ENABLE_DEBUG_INFO = NO;
				MTL_FAST_MATH = YES;
				SWIFT_COMPILATION_MODE = wholemodule;
			};
			name = Release;
		};
		E3BBCD8D2C199EFC00153CB4 /* Debug */ = {
			isa = XCBuildConfiguration;
			buildSettings = {
				ASSETCATALOG_COMPILER_APPICON_NAME = AppIcon;
				ASSETCATALOG_COMPILER_GLOBAL_ACCENT_COLOR_NAME = AccentColor;
				CODE_SIGN_ENTITLEMENTS = "Fyno TestProj/Fyno_TestProj.entitlements";
				CODE_SIGN_STYLE = Automatic;
				CURRENT_PROJECT_VERSION = 1;
				DEVELOPMENT_ASSET_PATHS = "\"Fyno TestProj/Preview Content\"";
				ENABLE_PREVIEWS = YES;
				GENERATE_INFOPLIST_FILE = YES;
				"INFOPLIST_KEY_UIApplicationSceneManifest_Generation[sdk=iphoneos*]" = YES;
				"INFOPLIST_KEY_UIApplicationSceneManifest_Generation[sdk=iphonesimulator*]" = YES;
				"INFOPLIST_KEY_UIApplicationSupportsIndirectInputEvents[sdk=iphoneos*]" = YES;
				"INFOPLIST_KEY_UIApplicationSupportsIndirectInputEvents[sdk=iphonesimulator*]" = YES;
				"INFOPLIST_KEY_UILaunchScreen_Generation[sdk=iphoneos*]" = YES;
				"INFOPLIST_KEY_UILaunchScreen_Generation[sdk=iphonesimulator*]" = YES;
				"INFOPLIST_KEY_UIStatusBarStyle[sdk=iphoneos*]" = UIStatusBarStyleDefault;
				"INFOPLIST_KEY_UIStatusBarStyle[sdk=iphonesimulator*]" = UIStatusBarStyleDefault;
				INFOPLIST_KEY_UISupportedInterfaceOrientations_iPad = "UIInterfaceOrientationPortrait UIInterfaceOrientationPortraitUpsideDown UIInterfaceOrientationLandscapeLeft UIInterfaceOrientationLandscapeRight";
				INFOPLIST_KEY_UISupportedInterfaceOrientations_iPhone = "UIInterfaceOrientationPortrait UIInterfaceOrientationLandscapeLeft UIInterfaceOrientationLandscapeRight";
				IPHONEOS_DEPLOYMENT_TARGET = 17.5;
				LD_RUNPATH_SEARCH_PATHS = "@executable_path/Frameworks";
				"LD_RUNPATH_SEARCH_PATHS[sdk=macosx*]" = "@executable_path/../Frameworks";
				MACOSX_DEPLOYMENT_TARGET = 14.0;
				MARKETING_VERSION = 1.0;
				PRODUCT_BUNDLE_IDENTIFIER = "com.proj.Fyno-TestProj";
				PRODUCT_NAME = "$(TARGET_NAME)";
				SDKROOT = auto;
				SUPPORTED_PLATFORMS = "iphoneos iphonesimulator macosx";
				SWIFT_EMIT_LOC_STRINGS = YES;
				SWIFT_VERSION = 5.0;
				TARGETED_DEVICE_FAMILY = "1,2";
			};
			name = Debug;
		};
		E3BBCD8E2C199EFC00153CB4 /* Release */ = {
			isa = XCBuildConfiguration;
			buildSettings = {
				ASSETCATALOG_COMPILER_APPICON_NAME = AppIcon;
				ASSETCATALOG_COMPILER_GLOBAL_ACCENT_COLOR_NAME = AccentColor;
				CODE_SIGN_ENTITLEMENTS = "Fyno TestProj/Fyno_TestProj.entitlements";
				CODE_SIGN_STYLE = Automatic;
				CURRENT_PROJECT_VERSION = 1;
				DEVELOPMENT_ASSET_PATHS = "\"Fyno TestProj/Preview Content\"";
				ENABLE_PREVIEWS = YES;
				GENERATE_INFOPLIST_FILE = YES;
				"INFOPLIST_KEY_UIApplicationSceneManifest_Generation[sdk=iphoneos*]" = YES;
				"INFOPLIST_KEY_UIApplicationSceneManifest_Generation[sdk=iphonesimulator*]" = YES;
				"INFOPLIST_KEY_UIApplicationSupportsIndirectInputEvents[sdk=iphoneos*]" = YES;
				"INFOPLIST_KEY_UIApplicationSupportsIndirectInputEvents[sdk=iphonesimulator*]" = YES;
				"INFOPLIST_KEY_UILaunchScreen_Generation[sdk=iphoneos*]" = YES;
				"INFOPLIST_KEY_UILaunchScreen_Generation[sdk=iphonesimulator*]" = YES;
				"INFOPLIST_KEY_UIStatusBarStyle[sdk=iphoneos*]" = UIStatusBarStyleDefault;
				"INFOPLIST_KEY_UIStatusBarStyle[sdk=iphonesimulator*]" = UIStatusBarStyleDefault;
				INFOPLIST_KEY_UISupportedInterfaceOrientations_iPad = "UIInterfaceOrientationPortrait UIInterfaceOrientationPortraitUpsideDown UIInterfaceOrientationLandscapeLeft UIInterfaceOrientationLandscapeRight";
				INFOPLIST_KEY_UISupportedInterfaceOrientations_iPhone = "UIInterfaceOrientationPortrait UIInterfaceOrientationLandscapeLeft UIInterfaceOrientationLandscapeRight";
				IPHONEOS_DEPLOYMENT_TARGET = 17.5;
				LD_RUNPATH_SEARCH_PATHS = "@executable_path/Frameworks";
				"LD_RUNPATH_SEARCH_PATHS[sdk=macosx*]" = "@executable_path/../Frameworks";
				MACOSX_DEPLOYMENT_TARGET = 14.0;
				MARKETING_VERSION = 1.0;
				PRODUCT_BUNDLE_IDENTIFIER = "com.proj.Fyno-TestProj";
				PRODUCT_NAME = "$(TARGET_NAME)";
				SDKROOT = auto;
				SUPPORTED_PLATFORMS = "iphoneos iphonesimulator macosx";
				SWIFT_EMIT_LOC_STRINGS = YES;
				SWIFT_VERSION = 5.0;
				TARGETED_DEVICE_FAMILY = "1,2";
			};
			name = Release;
		};
/* End XCBuildConfiguration section */

/* Begin XCConfigurationList section */
		E3BBCD762C199EFB00153CB4 /* Build configuration list for PBXProject "Fyno TestProj" */ = {
			isa = XCConfigurationList;
			buildConfigurations = (
				E3BBCD8A2C199EFC00153CB4 /* Debug */,
				E3BBCD8B2C199EFC00153CB4 /* Release */,
			);
			defaultConfigurationIsVisible = 0;
			defaultConfigurationName = Release;
		};
		E3BBCD8C2C199EFC00153CB4 /* Build configuration list for PBXNativeTarget "Fyno TestProj" */ = {
			isa = XCConfigurationList;
			buildConfigurations = (
				E3BBCD8D2C199EFC00153CB4 /* Debug */,
				E3BBCD8E2C199EFC00153CB4 /* Release */,
			);
			defaultConfigurationIsVisible = 0;
			defaultConfigurationName = Release;
		};
/* End XCConfigurationList section */
	};
	rootObject = E3BBCD732C199EFB00153CB4 /* Project object */;
}
